// !$*UTF8*$!
{
	archiveVersion = 1;
	classes = {
	};
	objectVersion = 50;
	objects = {

/* Begin PBXBuildFile section */
		990A15FC2262C99800970ED5 /* Saved.png in Resources */ = {isa = PBXBuildFile; fileRef = 990A15FA2262C99800970ED5 /* Saved.png */; };
		990A15FF2262C9BA00970ED5 /* Camera.png in Resources */ = {isa = PBXBuildFile; fileRef = 990A15FE2262C9BA00970ED5 /* Camera.png */; };
		990A16012262CAB500970ED5 /* Change.png in Resources */ = {isa = PBXBuildFile; fileRef = 990A16002262CAB500970ED5 /* Change.png */; };
		9933D5D7226ED2A000D7D734 /* DetectionViewController.swift in Sources */ = {isa = PBXBuildFile; fileRef = 9933D5D6226ED2A000D7D734 /* DetectionViewController.swift */; };
		99496E49225D7E45003913F1 /* Save.png in Resources */ = {isa = PBXBuildFile; fileRef = 99496E44225D7E45003913F1 /* Save.png */; };
		99496E4A225D7E45003913F1 /* Back.png in Resources */ = {isa = PBXBuildFile; fileRef = 99496E45225D7E45003913F1 /* Back.png */; };
		99496E4B225D7E45003913F1 /* Circle.png in Resources */ = {isa = PBXBuildFile; fileRef = 99496E46225D7E45003913F1 /* Circle.png */; };
		99496E4C225D7E45003913F1 /* Close.png in Resources */ = {isa = PBXBuildFile; fileRef = 99496E47225D7E45003913F1 /* Close.png */; };
		996DD14D22A2315C003C32B4 /* Snake.swift in Sources */ = {isa = PBXBuildFile; fileRef = 996DD14C22A2315C003C32B4 /* Snake.swift */; };
		996DD15022A24804003C32B4 /* Bandy Bandy.jpg in Resources */ = {isa = PBXBuildFile; fileRef = 996DD14F22A24804003C32B4 /* Bandy Bandy.jpg */; };
		996DD15422A24AA1003C32B4 /* Carpet Python.jpg in Resources */ = {isa = PBXBuildFile; fileRef = 996DD15122A24AA1003C32B4 /* Carpet Python.jpg */; };
		996DD15522A24AA1003C32B4 /* Coastal Taipan.png in Resources */ = {isa = PBXBuildFile; fileRef = 996DD15222A24AA1003C32B4 /* Coastal Taipan.png */; };
		996DD15622A24AA1003C32B4 /* Black-Headed Python.jpg in Resources */ = {isa = PBXBuildFile; fileRef = 996DD15322A24AA1003C32B4 /* Black-Headed Python.jpg */; };
		996DD16122A24BE0003C32B4 /* Spotted Python.jpg in Resources */ = {isa = PBXBuildFile; fileRef = 996DD15722A24BDF003C32B4 /* Spotted Python.jpg */; };
		996DD16222A24BE0003C32B4 /* Tiger Snake.png in Resources */ = {isa = PBXBuildFile; fileRef = 996DD15822A24BDF003C32B4 /* Tiger Snake.png */; };
		996DD16322A24BE0003C32B4 /* Red Bellied Black Snake.png in Resources */ = {isa = PBXBuildFile; fileRef = 996DD15922A24BDF003C32B4 /* Red Bellied Black Snake.png */; };
		996DD16422A24BE0003C32B4 /* Inland Taipan.jpg in Resources */ = {isa = PBXBuildFile; fileRef = 996DD15A22A24BE0003C32B4 /* Inland Taipan.jpg */; };
		996DD16522A24BE0003C32B4 /* Suta Suta.jpg in Resources */ = {isa = PBXBuildFile; fileRef = 996DD15B22A24BE0003C32B4 /* Suta Suta.jpg */; };
		996DD16622A24BE0003C32B4 /* Common Death Adder.jpg in Resources */ = {isa = PBXBuildFile; fileRef = 996DD15C22A24BE0003C32B4 /* Common Death Adder.jpg */; };
		996DD16722A24BE0003C32B4 /* Eastern Brown Snake.png in Resources */ = {isa = PBXBuildFile; fileRef = 996DD15D22A24BE0003C32B4 /* Eastern Brown Snake.png */; };
		996DD16822A24BE0003C32B4 /* Western Brown Snake.png in Resources */ = {isa = PBXBuildFile; fileRef = 996DD15E22A24BE0003C32B4 /* Western Brown Snake.png */; };
		996DD16922A24BE0003C32B4 /* Lowland Copperhead.png in Resources */ = {isa = PBXBuildFile; fileRef = 996DD15F22A24BE0003C32B4 /* Lowland Copperhead.png */; };
		996DD16A22A24BE0003C32B4 /* Mulga Snake.jpg in Resources */ = {isa = PBXBuildFile; fileRef = 996DD16022A24BE0003C32B4 /* Mulga Snake.jpg */; };
		9974619A22649F0C00CE4903 /* DisplayViewController.swift in Sources */ = {isa = PBXBuildFile; fileRef = 9974619922649F0C00CE4903 /* DisplayViewController.swift */; };
		997461A922658BD600CE4903 /* SpottedPython.json in Resources */ = {isa = PBXBuildFile; fileRef = 9974619B22658BD500CE4903 /* SpottedPython.json */; };
		997461AA22658BD600CE4903 /* BlackHeadedPython.json in Resources */ = {isa = PBXBuildFile; fileRef = 9974619C22658BD500CE4903 /* BlackHeadedPython.json */; };
		997461AB22658BD600CE4903 /* EasternBrownSnake.json in Resources */ = {isa = PBXBuildFile; fileRef = 9974619D22658BD500CE4903 /* EasternBrownSnake.json */; };
		997461AC22658BD600CE4903 /* MulgaSnake.json in Resources */ = {isa = PBXBuildFile; fileRef = 9974619E22658BD500CE4903 /* MulgaSnake.json */; };
		997461AD22658BD600CE4903 /* BandyBandy.json in Resources */ = {isa = PBXBuildFile; fileRef = 9974619F22658BD500CE4903 /* BandyBandy.json */; };
		997461AE22658BD600CE4903 /* InlandTaipan.json in Resources */ = {isa = PBXBuildFile; fileRef = 997461A022658BD600CE4903 /* InlandTaipan.json */; };
		997461AF22658BD600CE4903 /* CoastalTaipan.json in Resources */ = {isa = PBXBuildFile; fileRef = 997461A122658BD600CE4903 /* CoastalTaipan.json */; };
		997461B022658BD600CE4903 /* SutaSuta.json in Resources */ = {isa = PBXBuildFile; fileRef = 997461A222658BD600CE4903 /* SutaSuta.json */; };
		997461B122658BD600CE4903 /* RedBelliedBlackSnake.json in Resources */ = {isa = PBXBuildFile; fileRef = 997461A322658BD600CE4903 /* RedBelliedBlackSnake.json */; };
		997461B222658BD600CE4903 /* WesternBrownSnake.json in Resources */ = {isa = PBXBuildFile; fileRef = 997461A422658BD600CE4903 /* WesternBrownSnake.json */; };
		997461B322658BD600CE4903 /* LowlandCopperhead.json in Resources */ = {isa = PBXBuildFile; fileRef = 997461A522658BD600CE4903 /* LowlandCopperhead.json */; };
		997461B422658BD600CE4903 /* CarpetPython.json in Resources */ = {isa = PBXBuildFile; fileRef = 997461A622658BD600CE4903 /* CarpetPython.json */; };
		997461B522658BD600CE4903 /* TigerSnake.json in Resources */ = {isa = PBXBuildFile; fileRef = 997461A722658BD600CE4903 /* TigerSnake.json */; };
		997461B622658BD600CE4903 /* CommonDeathAdder.json in Resources */ = {isa = PBXBuildFile; fileRef = 997461A822658BD600CE4903 /* CommonDeathAdder.json */; };
		9974D420227AF93700998A88 /* Identification.png in Resources */ = {isa = PBXBuildFile; fileRef = 9974D41E227AF93600998A88 /* Identification.png */; };
		9974D421227AF93700998A88 /* Detection.png in Resources */ = {isa = PBXBuildFile; fileRef = 9974D41F227AF93700998A88 /* Detection.png */; };
		9974D423227B084500998A88 /* Import.png in Resources */ = {isa = PBXBuildFile; fileRef = 9974D422227B084400998A88 /* Import.png */; };
		9997377C2253080900566EB0 /* IdentificationViewController.swift in Sources */ = {isa = PBXBuildFile; fileRef = 9997377B2253080900566EB0 /* IdentificationViewController.swift */; };
		99DB7EE7225229CE005B44E8 /* AppDelegate.swift in Sources */ = {isa = PBXBuildFile; fileRef = 99DB7EE6225229CE005B44E8 /* AppDelegate.swift */; };
		99DB7EE9225229CE005B44E8 /* ViewController.swift in Sources */ = {isa = PBXBuildFile; fileRef = 99DB7EE8225229CE005B44E8 /* ViewController.swift */; };
		99DB7EEC225229CE005B44E8 /* Main.storyboard in Resources */ = {isa = PBXBuildFile; fileRef = 99DB7EEA225229CE005B44E8 /* Main.storyboard */; };
		99DB7EEE225229CF005B44E8 /* Assets.xcassets in Resources */ = {isa = PBXBuildFile; fileRef = 99DB7EED225229CF005B44E8 /* Assets.xcassets */; };
		99DB7EF1225229CF005B44E8 /* LaunchScreen.storyboard in Resources */ = {isa = PBXBuildFile; fileRef = 99DB7EEF225229CF005B44E8 /* LaunchScreen.storyboard */; };
		99DB7EFC225229CF005B44E8 /* WhatSnakeTests.swift in Sources */ = {isa = PBXBuildFile; fileRef = 99DB7EFB225229CF005B44E8 /* WhatSnakeTests.swift */; };
		99DB7F07225229CF005B44E8 /* WhatSnakeUITests.swift in Sources */ = {isa = PBXBuildFile; fileRef = 99DB7F06225229CF005B44E8 /* WhatSnakeUITests.swift */; };
		99DB7F1522522FBB005B44E8 /* CameraViewController.swift in Sources */ = {isa = PBXBuildFile; fileRef = 99DB7F1422522FBB005B44E8 /* CameraViewController.swift */; };
		99F403C2226AFEB5005473A6 /* BoundingBox.swift in Sources */ = {isa = PBXBuildFile; fileRef = 99F403C1226AFEB5005473A6 /* BoundingBox.swift */; };
		99F403C4226AFEE4005473A6 /* Helper.swift in Sources */ = {isa = PBXBuildFile; fileRef = 99F403C3226AFEE4005473A6 /* Helper.swift */; };
		99F403C6226AFEFA005473A6 /* CVPiexlBuffer-Helper.swift in Sources */ = {isa = PBXBuildFile; fileRef = 99F403C5226AFEFA005473A6 /* CVPiexlBuffer-Helper.swift */; };
		99F403C8226AFF1B005473A6 /* CVPixelBuffer-UIImage.swift in Sources */ = {isa = PBXBuildFile; fileRef = 99F403C7226AFF1B005473A6 /* CVPixelBuffer-UIImage.swift */; };
		99F403CA226AFF3D005473A6 /* VideoCapture.swift in Sources */ = {isa = PBXBuildFile; fileRef = 99F403C9226AFF3D005473A6 /* VideoCapture.swift */; };
		99F403CC226AFF61005473A6 /* YOLO.swift in Sources */ = {isa = PBXBuildFile; fileRef = 99F403CB226AFF61005473A6 /* YOLO.swift */; };
		99F403CE226AFFA4005473A6 /* Tiny.mlmodel in Sources */ = {isa = PBXBuildFile; fileRef = 99F403CD226AFFA4005473A6 /* Tiny.mlmodel */; };
/* End PBXBuildFile section */

/* Begin PBXContainerItemProxy section */
		99DB7EF8225229CF005B44E8 /* PBXContainerItemProxy */ = {
			isa = PBXContainerItemProxy;
			containerPortal = 99DB7EDB225229CE005B44E8 /* Project object */;
			proxyType = 1;
			remoteGlobalIDString = 99DB7EE2225229CE005B44E8;
			remoteInfo = WhatSnake;
		};
		99DB7F03225229CF005B44E8 /* PBXContainerItemProxy */ = {
			isa = PBXContainerItemProxy;
			containerPortal = 99DB7EDB225229CE005B44E8 /* Project object */;
			proxyType = 1;
			remoteGlobalIDString = 99DB7EE2225229CE005B44E8;
			remoteInfo = WhatSnake;
		};
/* End PBXContainerItemProxy section */

/* Begin PBXFileReference section */
		990A15FA2262C99800970ED5 /* Saved.png */ = {isa = PBXFileReference; lastKnownFileType = image.png; path = Saved.png; sourceTree = "<group>"; };
		990A15FE2262C9BA00970ED5 /* Camera.png */ = {isa = PBXFileReference; lastKnownFileType = image.png; path = Camera.png; sourceTree = "<group>"; };
		990A16002262CAB500970ED5 /* Change.png */ = {isa = PBXFileReference; lastKnownFileType = image.png; path = Change.png; sourceTree = "<group>"; };
		9933D5D6226ED2A000D7D734 /* DetectionViewController.swift */ = {isa = PBXFileReference; lastKnownFileType = sourcecode.swift; path = DetectionViewController.swift; sourceTree = "<group>"; };
		99496E44225D7E45003913F1 /* Save.png */ = {isa = PBXFileReference; lastKnownFileType = image.png; path = Save.png; sourceTree = "<group>"; };
		99496E45225D7E45003913F1 /* Back.png */ = {isa = PBXFileReference; lastKnownFileType = image.png; path = Back.png; sourceTree = "<group>"; };
		99496E46225D7E45003913F1 /* Circle.png */ = {isa = PBXFileReference; lastKnownFileType = image.png; path = Circle.png; sourceTree = "<group>"; };
		99496E47225D7E45003913F1 /* Close.png */ = {isa = PBXFileReference; lastKnownFileType = image.png; path = Close.png; sourceTree = "<group>"; };
		996DD14C22A2315C003C32B4 /* Snake.swift */ = {isa = PBXFileReference; fileEncoding = 4; lastKnownFileType = sourcecode.swift; path = Snake.swift; sourceTree = "<group>"; };
		996DD14F22A24804003C32B4 /* Bandy Bandy.jpg */ = {isa = PBXFileReference; lastKnownFileType = image.jpeg; path = "Bandy Bandy.jpg"; sourceTree = "<group>"; };
		996DD15122A24AA1003C32B4 /* Carpet Python.jpg */ = {isa = PBXFileReference; lastKnownFileType = image.jpeg; path = "Carpet Python.jpg"; sourceTree = "<group>"; };
		996DD15222A24AA1003C32B4 /* Coastal Taipan.png */ = {isa = PBXFileReference; lastKnownFileType = image.png; path = "Coastal Taipan.png"; sourceTree = "<group>"; };
		996DD15322A24AA1003C32B4 /* Black-Headed Python.jpg */ = {isa = PBXFileReference; lastKnownFileType = image.jpeg; path = "Black-Headed Python.jpg"; sourceTree = "<group>"; };
		996DD15722A24BDF003C32B4 /* Spotted Python.jpg */ = {isa = PBXFileReference; lastKnownFileType = image.jpeg; path = "Spotted Python.jpg"; sourceTree = "<group>"; };
		996DD15822A24BDF003C32B4 /* Tiger Snake.png */ = {isa = PBXFileReference; lastKnownFileType = image.png; path = "Tiger Snake.png"; sourceTree = "<group>"; };
		996DD15922A24BDF003C32B4 /* Red Bellied Black Snake.png */ = {isa = PBXFileReference; lastKnownFileType = image.png; path = "Red Bellied Black Snake.png"; sourceTree = "<group>"; };
		996DD15A22A24BE0003C32B4 /* Inland Taipan.jpg */ = {isa = PBXFileReference; lastKnownFileType = image.jpeg; path = "Inland Taipan.jpg"; sourceTree = "<group>"; };
		996DD15B22A24BE0003C32B4 /* Suta Suta.jpg */ = {isa = PBXFileReference; lastKnownFileType = image.jpeg; path = "Suta Suta.jpg"; sourceTree = "<group>"; };
		996DD15C22A24BE0003C32B4 /* Common Death Adder.jpg */ = {isa = PBXFileReference; lastKnownFileType = image.jpeg; path = "Common Death Adder.jpg"; sourceTree = "<group>"; };
		996DD15D22A24BE0003C32B4 /* Eastern Brown Snake.png */ = {isa = PBXFileReference; lastKnownFileType = image.png; path = "Eastern Brown Snake.png"; sourceTree = "<group>"; };
		996DD15E22A24BE0003C32B4 /* Western Brown Snake.png */ = {isa = PBXFileReference; lastKnownFileType = image.png; path = "Western Brown Snake.png"; sourceTree = "<group>"; };
		996DD15F22A24BE0003C32B4 /* Lowland Copperhead.png */ = {isa = PBXFileReference; lastKnownFileType = image.png; path = "Lowland Copperhead.png"; sourceTree = "<group>"; };
		996DD16022A24BE0003C32B4 /* Mulga Snake.jpg */ = {isa = PBXFileReference; lastKnownFileType = image.jpeg; path = "Mulga Snake.jpg"; sourceTree = "<group>"; };
		9974619922649F0C00CE4903 /* DisplayViewController.swift */ = {isa = PBXFileReference; lastKnownFileType = sourcecode.swift; path = DisplayViewController.swift; sourceTree = "<group>"; };
		9974619B22658BD500CE4903 /* SpottedPython.json */ = {isa = PBXFileReference; fileEncoding = 4; lastKnownFileType = text.json; path = SpottedPython.json; sourceTree = "<group>"; };
		9974619C22658BD500CE4903 /* BlackHeadedPython.json */ = {isa = PBXFileReference; fileEncoding = 4; lastKnownFileType = text.json; path = BlackHeadedPython.json; sourceTree = "<group>"; };
		9974619D22658BD500CE4903 /* EasternBrownSnake.json */ = {isa = PBXFileReference; fileEncoding = 4; lastKnownFileType = text.json; path = EasternBrownSnake.json; sourceTree = "<group>"; };
		9974619E22658BD500CE4903 /* MulgaSnake.json */ = {isa = PBXFileReference; fileEncoding = 4; lastKnownFileType = text.json; path = MulgaSnake.json; sourceTree = "<group>"; };
		9974619F22658BD500CE4903 /* BandyBandy.json */ = {isa = PBXFileReference; fileEncoding = 4; lastKnownFileType = text.json; path = BandyBandy.json; sourceTree = "<group>"; };
		997461A022658BD600CE4903 /* InlandTaipan.json */ = {isa = PBXFileReference; fileEncoding = 4; lastKnownFileType = text.json; path = InlandTaipan.json; sourceTree = "<group>"; };
		997461A122658BD600CE4903 /* CoastalTaipan.json */ = {isa = PBXFileReference; fileEncoding = 4; lastKnownFileType = text.json; path = CoastalTaipan.json; sourceTree = "<group>"; };
		997461A222658BD600CE4903 /* SutaSuta.json */ = {isa = PBXFileReference; fileEncoding = 4; lastKnownFileType = text.json; path = SutaSuta.json; sourceTree = "<group>"; };
		997461A322658BD600CE4903 /* RedBelliedBlackSnake.json */ = {isa = PBXFileReference; fileEncoding = 4; lastKnownFileType = text.json; path = RedBelliedBlackSnake.json; sourceTree = "<group>"; };
		997461A422658BD600CE4903 /* WesternBrownSnake.json */ = {isa = PBXFileReference; fileEncoding = 4; lastKnownFileType = text.json; path = WesternBrownSnake.json; sourceTree = "<group>"; };
		997461A522658BD600CE4903 /* LowlandCopperhead.json */ = {isa = PBXFileReference; fileEncoding = 4; lastKnownFileType = text.json; path = LowlandCopperhead.json; sourceTree = "<group>"; };
		997461A622658BD600CE4903 /* CarpetPython.json */ = {isa = PBXFileReference; fileEncoding = 4; lastKnownFileType = text.json; path = CarpetPython.json; sourceTree = "<group>"; };
		997461A722658BD600CE4903 /* TigerSnake.json */ = {isa = PBXFileReference; fileEncoding = 4; lastKnownFileType = text.json; path = TigerSnake.json; sourceTree = "<group>"; };
		997461A822658BD600CE4903 /* CommonDeathAdder.json */ = {isa = PBXFileReference; fileEncoding = 4; lastKnownFileType = text.json; path = CommonDeathAdder.json; sourceTree = "<group>"; };
		9974D41E227AF93600998A88 /* Identification.png */ = {isa = PBXFileReference; lastKnownFileType = image.png; path = Identification.png; sourceTree = "<group>"; };
		9974D41F227AF93700998A88 /* Detection.png */ = {isa = PBXFileReference; lastKnownFileType = image.png; path = Detection.png; sourceTree = "<group>"; };
		9974D422227B084400998A88 /* Import.png */ = {isa = PBXFileReference; lastKnownFileType = image.png; path = Import.png; sourceTree = "<group>"; };
		9997377B2253080900566EB0 /* IdentificationViewController.swift */ = {isa = PBXFileReference; lastKnownFileType = sourcecode.swift; path = IdentificationViewController.swift; sourceTree = "<group>"; };
		99DB7EE3225229CE005B44E8 /* WhatSnake.app */ = {isa = PBXFileReference; explicitFileType = wrapper.application; includeInIndex = 0; path = WhatSnake.app; sourceTree = BUILT_PRODUCTS_DIR; };
		99DB7EE6225229CE005B44E8 /* AppDelegate.swift */ = {isa = PBXFileReference; lastKnownFileType = sourcecode.swift; path = AppDelegate.swift; sourceTree = "<group>"; };
		99DB7EE8225229CE005B44E8 /* ViewController.swift */ = {isa = PBXFileReference; lastKnownFileType = sourcecode.swift; path = ViewController.swift; sourceTree = "<group>"; };
		99DB7EEB225229CE005B44E8 /* Base */ = {isa = PBXFileReference; lastKnownFileType = file.storyboard; name = Base; path = Base.lproj/Main.storyboard; sourceTree = "<group>"; };
		99DB7EED225229CF005B44E8 /* Assets.xcassets */ = {isa = PBXFileReference; lastKnownFileType = folder.assetcatalog; path = Assets.xcassets; sourceTree = "<group>"; };
		99DB7EF0225229CF005B44E8 /* Base */ = {isa = PBXFileReference; lastKnownFileType = file.storyboard; name = Base; path = Base.lproj/LaunchScreen.storyboard; sourceTree = "<group>"; };
		99DB7EF2225229CF005B44E8 /* Info.plist */ = {isa = PBXFileReference; lastKnownFileType = text.plist.xml; path = Info.plist; sourceTree = "<group>"; };
		99DB7EF7225229CF005B44E8 /* WhatSnakeTests.xctest */ = {isa = PBXFileReference; explicitFileType = wrapper.cfbundle; includeInIndex = 0; path = WhatSnakeTests.xctest; sourceTree = BUILT_PRODUCTS_DIR; };
		99DB7EFB225229CF005B44E8 /* WhatSnakeTests.swift */ = {isa = PBXFileReference; lastKnownFileType = sourcecode.swift; path = WhatSnakeTests.swift; sourceTree = "<group>"; };
		99DB7EFD225229CF005B44E8 /* Info.plist */ = {isa = PBXFileReference; lastKnownFileType = text.plist.xml; path = Info.plist; sourceTree = "<group>"; };
		99DB7F02225229CF005B44E8 /* WhatSnakeUITests.xctest */ = {isa = PBXFileReference; explicitFileType = wrapper.cfbundle; includeInIndex = 0; path = WhatSnakeUITests.xctest; sourceTree = BUILT_PRODUCTS_DIR; };
		99DB7F06225229CF005B44E8 /* WhatSnakeUITests.swift */ = {isa = PBXFileReference; lastKnownFileType = sourcecode.swift; path = WhatSnakeUITests.swift; sourceTree = "<group>"; };
		99DB7F08225229CF005B44E8 /* Info.plist */ = {isa = PBXFileReference; lastKnownFileType = text.plist.xml; path = Info.plist; sourceTree = "<group>"; };
		99DB7F1422522FBB005B44E8 /* CameraViewController.swift */ = {isa = PBXFileReference; lastKnownFileType = sourcecode.swift; path = CameraViewController.swift; sourceTree = "<group>"; };
		99F403C1226AFEB5005473A6 /* BoundingBox.swift */ = {isa = PBXFileReference; lastKnownFileType = sourcecode.swift; path = BoundingBox.swift; sourceTree = "<group>"; };
		99F403C3226AFEE4005473A6 /* Helper.swift */ = {isa = PBXFileReference; lastKnownFileType = sourcecode.swift; path = Helper.swift; sourceTree = "<group>"; };
		99F403C5226AFEFA005473A6 /* CVPiexlBuffer-Helper.swift */ = {isa = PBXFileReference; lastKnownFileType = sourcecode.swift; path = "CVPiexlBuffer-Helper.swift"; sourceTree = "<group>"; };
		99F403C7226AFF1B005473A6 /* CVPixelBuffer-UIImage.swift */ = {isa = PBXFileReference; lastKnownFileType = sourcecode.swift; path = "CVPixelBuffer-UIImage.swift"; sourceTree = "<group>"; };
		99F403C9226AFF3D005473A6 /* VideoCapture.swift */ = {isa = PBXFileReference; lastKnownFileType = sourcecode.swift; path = VideoCapture.swift; sourceTree = "<group>"; };
		99F403CB226AFF61005473A6 /* YOLO.swift */ = {isa = PBXFileReference; lastKnownFileType = sourcecode.swift; path = YOLO.swift; sourceTree = "<group>"; };
		99F403CD226AFFA4005473A6 /* Tiny.mlmodel */ = {isa = PBXFileReference; lastKnownFileType = file.mlmodel; name = Tiny.mlmodel; path = Models/Tiny.mlmodel; sourceTree = "<group>"; };
/* End PBXFileReference section */

/* Begin PBXFrameworksBuildPhase section */
		99DB7EE0225229CE005B44E8 /* Frameworks */ = {
			isa = PBXFrameworksBuildPhase;
			buildActionMask = 2147483647;
			files = (
			);
			runOnlyForDeploymentPostprocessing = 0;
		};
		99DB7EF4225229CF005B44E8 /* Frameworks */ = {
			isa = PBXFrameworksBuildPhase;
			buildActionMask = 2147483647;
			files = (
			);
			runOnlyForDeploymentPostprocessing = 0;
		};
		99DB7EFF225229CF005B44E8 /* Frameworks */ = {
			isa = PBXFrameworksBuildPhase;
			buildActionMask = 2147483647;
			files = (
			);
			runOnlyForDeploymentPostprocessing = 0;
		};
/* End PBXFrameworksBuildPhase section */

/* Begin PBXGroup section */
		990E732C2261DA3D00372CD2 /* Text */ = {
			isa = PBXGroup;
			children = (
				9974619F22658BD500CE4903 /* BandyBandy.json */,
				9974619C22658BD500CE4903 /* BlackHeadedPython.json */,
				997461A622658BD600CE4903 /* CarpetPython.json */,
				997461A122658BD600CE4903 /* CoastalTaipan.json */,
				997461A822658BD600CE4903 /* CommonDeathAdder.json */,
				9974619D22658BD500CE4903 /* EasternBrownSnake.json */,
				997461A022658BD600CE4903 /* InlandTaipan.json */,
				997461A522658BD600CE4903 /* LowlandCopperhead.json */,
				9974619E22658BD500CE4903 /* MulgaSnake.json */,
				997461A322658BD600CE4903 /* RedBelliedBlackSnake.json */,
				9974619B22658BD500CE4903 /* SpottedPython.json */,
				997461A222658BD600CE4903 /* SutaSuta.json */,
				997461A722658BD600CE4903 /* TigerSnake.json */,
				997461A422658BD600CE4903 /* WesternBrownSnake.json */,
			);
			path = Text;
			sourceTree = "<group>";
		};
		99496E34225D742F003913F1 /* Resources */ = {
			isa = PBXGroup;
			children = (
				9974D422227B084400998A88 /* Import.png */,
				9974D41F227AF93700998A88 /* Detection.png */,
				9974D41E227AF93600998A88 /* Identification.png */,
				990A16002262CAB500970ED5 /* Change.png */,
				990A15FE2262C9BA00970ED5 /* Camera.png */,
				990A15FA2262C99800970ED5 /* Saved.png */,
				99496E45225D7E45003913F1 /* Back.png */,
				99496E46225D7E45003913F1 /* Circle.png */,
				99496E47225D7E45003913F1 /* Close.png */,
				99496E44225D7E45003913F1 /* Save.png */,
			);
			path = Resources;
			sourceTree = "<group>";
		};
		996DD14E22A247F3003C32B4 /* Images */ = {
			isa = PBXGroup;
			children = (
				996DD15C22A24BE0003C32B4 /* Common Death Adder.jpg */,
				996DD15D22A24BE0003C32B4 /* Eastern Brown Snake.png */,
				996DD15A22A24BE0003C32B4 /* Inland Taipan.jpg */,
				996DD15F22A24BE0003C32B4 /* Lowland Copperhead.png */,
				996DD16022A24BE0003C32B4 /* Mulga Snake.jpg */,
				996DD15922A24BDF003C32B4 /* Red Bellied Black Snake.png */,
				996DD15722A24BDF003C32B4 /* Spotted Python.jpg */,
				996DD15B22A24BE0003C32B4 /* Suta Suta.jpg */,
				996DD15822A24BDF003C32B4 /* Tiger Snake.png */,
				996DD15E22A24BE0003C32B4 /* Western Brown Snake.png */,
				996DD15322A24AA1003C32B4 /* Black-Headed Python.jpg */,
				996DD15122A24AA1003C32B4 /* Carpet Python.jpg */,
				996DD15222A24AA1003C32B4 /* Coastal Taipan.png */,
				996DD14F22A24804003C32B4 /* Bandy Bandy.jpg */,
			);
			path = Images;
			sourceTree = "<group>";
		};
		9997378022530B8900566EB0 /* Models */ = {
			isa = PBXGroup;
			children = (
				99F403CD226AFFA4005473A6 /* Tiny.mlmodel */,
			);
			name = Models;
			sourceTree = "<group>";
		};
		99DB7EDA225229CD005B44E8 = {
			isa = PBXGroup;
			children = (
				996DD14E22A247F3003C32B4 /* Images */,
				99F403C0226AFE9B005473A6 /* YOLOv3 */,
				990E732C2261DA3D00372CD2 /* Text */,
				99496E34225D742F003913F1 /* Resources */,
				9997378022530B8900566EB0 /* Models */,
				99DB7EE5225229CE005B44E8 /* WhatSnake */,
				99DB7EFA225229CF005B44E8 /* WhatSnakeTests */,
				99DB7F05225229CF005B44E8 /* WhatSnakeUITests */,
				99DB7EE4225229CE005B44E8 /* Products */,
			);
			sourceTree = "<group>";
		};
		99DB7EE4225229CE005B44E8 /* Products */ = {
			isa = PBXGroup;
			children = (
				99DB7EE3225229CE005B44E8 /* WhatSnake.app */,
				99DB7EF7225229CF005B44E8 /* WhatSnakeTests.xctest */,
				99DB7F02225229CF005B44E8 /* WhatSnakeUITests.xctest */,
			);
			name = Products;
			sourceTree = "<group>";
		};
		99DB7EE5225229CE005B44E8 /* WhatSnake */ = {
			isa = PBXGroup;
			children = (
				996DD14C22A2315C003C32B4 /* Snake.swift */,
				99DB7EE6225229CE005B44E8 /* AppDelegate.swift */,
				99DB7EE8225229CE005B44E8 /* ViewController.swift */,
				99DB7F1422522FBB005B44E8 /* CameraViewController.swift */,
				9933D5D6226ED2A000D7D734 /* DetectionViewController.swift */,
				9997377B2253080900566EB0 /* IdentificationViewController.swift */,
				9974619922649F0C00CE4903 /* DisplayViewController.swift */,
				99DB7EEA225229CE005B44E8 /* Main.storyboard */,
				99DB7EED225229CF005B44E8 /* Assets.xcassets */,
				99DB7EEF225229CF005B44E8 /* LaunchScreen.storyboard */,
				99DB7EF2225229CF005B44E8 /* Info.plist */,
			);
			path = WhatSnake;
			sourceTree = "<group>";
		};
		99DB7EFA225229CF005B44E8 /* WhatSnakeTests */ = {
			isa = PBXGroup;
			children = (
				99DB7EFB225229CF005B44E8 /* WhatSnakeTests.swift */,
				99DB7EFD225229CF005B44E8 /* Info.plist */,
			);
			path = WhatSnakeTests;
			sourceTree = "<group>";
		};
		99DB7F05225229CF005B44E8 /* WhatSnakeUITests */ = {
			isa = PBXGroup;
			children = (
				99DB7F06225229CF005B44E8 /* WhatSnakeUITests.swift */,
				99DB7F08225229CF005B44E8 /* Info.plist */,
			);
			path = WhatSnakeUITests;
			sourceTree = "<group>";
		};
		99F403C0226AFE9B005473A6 /* YOLOv3 */ = {
			isa = PBXGroup;
			children = (
				99F403C1226AFEB5005473A6 /* BoundingBox.swift */,
				99F403C3226AFEE4005473A6 /* Helper.swift */,
				99F403C5226AFEFA005473A6 /* CVPiexlBuffer-Helper.swift */,
				99F403C7226AFF1B005473A6 /* CVPixelBuffer-UIImage.swift */,
				99F403C9226AFF3D005473A6 /* VideoCapture.swift */,
				99F403CB226AFF61005473A6 /* YOLO.swift */,
			);
			path = YOLOv3;
			sourceTree = "<group>";
		};
/* End PBXGroup section */

/* Begin PBXNativeTarget section */
		99DB7EE2225229CE005B44E8 /* WhatSnake */ = {
			isa = PBXNativeTarget;
			buildConfigurationList = 99DB7F0B225229CF005B44E8 /* Build configuration list for PBXNativeTarget "WhatSnake" */;
			buildPhases = (
				99DB7EDF225229CE005B44E8 /* Sources */,
				99DB7EE0225229CE005B44E8 /* Frameworks */,
				99DB7EE1225229CE005B44E8 /* Resources */,
			);
			buildRules = (
			);
			dependencies = (
			);
			name = WhatSnake;
			productName = WhatSnake;
			productReference = 99DB7EE3225229CE005B44E8 /* WhatSnake.app */;
			productType = "com.apple.product-type.application";
		};
		99DB7EF6225229CF005B44E8 /* WhatSnakeTests */ = {
			isa = PBXNativeTarget;
			buildConfigurationList = 99DB7F0E225229CF005B44E8 /* Build configuration list for PBXNativeTarget "WhatSnakeTests" */;
			buildPhases = (
				99DB7EF3225229CF005B44E8 /* Sources */,
				99DB7EF4225229CF005B44E8 /* Frameworks */,
				99DB7EF5225229CF005B44E8 /* Resources */,
			);
			buildRules = (
			);
			dependencies = (
				99DB7EF9225229CF005B44E8 /* PBXTargetDependency */,
			);
			name = WhatSnakeTests;
			productName = WhatSnakeTests;
			productReference = 99DB7EF7225229CF005B44E8 /* WhatSnakeTests.xctest */;
			productType = "com.apple.product-type.bundle.unit-test";
		};
		99DB7F01225229CF005B44E8 /* WhatSnakeUITests */ = {
			isa = PBXNativeTarget;
			buildConfigurationList = 99DB7F11225229CF005B44E8 /* Build configuration list for PBXNativeTarget "WhatSnakeUITests" */;
			buildPhases = (
				99DB7EFE225229CF005B44E8 /* Sources */,
				99DB7EFF225229CF005B44E8 /* Frameworks */,
				99DB7F00225229CF005B44E8 /* Resources */,
			);
			buildRules = (
			);
			dependencies = (
				99DB7F04225229CF005B44E8 /* PBXTargetDependency */,
			);
			name = WhatSnakeUITests;
			productName = WhatSnakeUITests;
			productReference = 99DB7F02225229CF005B44E8 /* WhatSnakeUITests.xctest */;
			productType = "com.apple.product-type.bundle.ui-testing";
		};
/* End PBXNativeTarget section */

/* Begin PBXProject section */
		99DB7EDB225229CE005B44E8 /* Project object */ = {
			isa = PBXProject;
			attributes = {
				LastSwiftUpdateCheck = 1020;
				LastUpgradeCheck = 1020;
				ORGANIZATIONNAME = ZintrulCre;
				TargetAttributes = {
					99DB7EE2225229CE005B44E8 = {
						CreatedOnToolsVersion = 10.2;
					};
					99DB7EF6225229CF005B44E8 = {
						CreatedOnToolsVersion = 10.2;
						TestTargetID = 99DB7EE2225229CE005B44E8;
					};
					99DB7F01225229CF005B44E8 = {
						CreatedOnToolsVersion = 10.2;
						TestTargetID = 99DB7EE2225229CE005B44E8;
					};
				};
			};
			buildConfigurationList = 99DB7EDE225229CE005B44E8 /* Build configuration list for PBXProject "WhatSnake" */;
			compatibilityVersion = "Xcode 9.3";
			developmentRegion = en;
			hasScannedForEncodings = 0;
			knownRegions = (
				en,
				Base,
			);
			mainGroup = 99DB7EDA225229CD005B44E8;
			productRefGroup = 99DB7EE4225229CE005B44E8 /* Products */;
			projectDirPath = "";
			projectRoot = "";
			targets = (
				99DB7EE2225229CE005B44E8 /* WhatSnake */,
				99DB7EF6225229CF005B44E8 /* WhatSnakeTests */,
				99DB7F01225229CF005B44E8 /* WhatSnakeUITests */,
			);
		};
/* End PBXProject section */

/* Begin PBXResourcesBuildPhase section */
		99DB7EE1225229CE005B44E8 /* Resources */ = {
			isa = PBXResourcesBuildPhase;
			buildActionMask = 2147483647;
			files = (
				99496E4A225D7E45003913F1 /* Back.png in Resources */,
				997461AD22658BD600CE4903 /* BandyBandy.json in Resources */,
				996DD15622A24AA1003C32B4 /* Black-Headed Python.jpg in Resources */,
				997461B122658BD600CE4903 /* RedBelliedBlackSnake.json in Resources */,
				996DD16422A24BE0003C32B4 /* Inland Taipan.jpg in Resources */,
				996DD16922A24BE0003C32B4 /* Lowland Copperhead.png in Resources */,
				990A15FF2262C9BA00970ED5 /* Camera.png in Resources */,
				990A16012262CAB500970ED5 /* Change.png in Resources */,
				996DD16122A24BE0003C32B4 /* Spotted Python.jpg in Resources */,
				996DD15422A24AA1003C32B4 /* Carpet Python.jpg in Resources */,
				99496E4B225D7E45003913F1 /* Circle.png in Resources */,
				997461AA22658BD600CE4903 /* BlackHeadedPython.json in Resources */,
				996DD16822A24BE0003C32B4 /* Western Brown Snake.png in Resources */,
				9974D420227AF93700998A88 /* Identification.png in Resources */,
				997461B322658BD600CE4903 /* LowlandCopperhead.json in Resources */,
				99496E4C225D7E45003913F1 /* Close.png in Resources */,
				996DD16322A24BE0003C32B4 /* Red Bellied Black Snake.png in Resources */,
				996DD16622A24BE0003C32B4 /* Common Death Adder.jpg in Resources */,
				996DD16222A24BE0003C32B4 /* Tiger Snake.png in Resources */,
				996DD15522A24AA1003C32B4 /* Coastal Taipan.png in Resources */,
				997461B222658BD600CE4903 /* WesternBrownSnake.json in Resources */,
				996DD16522A24BE0003C32B4 /* Suta Suta.jpg in Resources */,
				997461B422658BD600CE4903 /* CarpetPython.json in Resources */,
				997461AB22658BD600CE4903 /* EasternBrownSnake.json in Resources */,
				99DB7EF1225229CF005B44E8 /* LaunchScreen.storyboard in Resources */,
				997461AE22658BD600CE4903 /* InlandTaipan.json in Resources */,
				9974D421227AF93700998A88 /* Detection.png in Resources */,
				99DB7EEE225229CF005B44E8 /* Assets.xcassets in Resources */,
				997461AC22658BD600CE4903 /* MulgaSnake.json in Resources */,
				997461B522658BD600CE4903 /* TigerSnake.json in Resources */,
				990A15FC2262C99800970ED5 /* Saved.png in Resources */,
				997461AF22658BD600CE4903 /* CoastalTaipan.json in Resources */,
				99496E49225D7E45003913F1 /* Save.png in Resources */,
				996DD15022A24804003C32B4 /* Bandy Bandy.jpg in Resources */,
				996DD16A22A24BE0003C32B4 /* Mulga Snake.jpg in Resources */,
				997461B622658BD600CE4903 /* CommonDeathAdder.json in Resources */,
				99DB7EEC225229CE005B44E8 /* Main.storyboard in Resources */,
				9974D423227B084500998A88 /* Import.png in Resources */,
				997461A922658BD600CE4903 /* SpottedPython.json in Resources */,
				996DD16722A24BE0003C32B4 /* Eastern Brown Snake.png in Resources */,
				997461B022658BD600CE4903 /* SutaSuta.json in Resources */,
			);
			runOnlyForDeploymentPostprocessing = 0;
		};
		99DB7EF5225229CF005B44E8 /* Resources */ = {
			isa = PBXResourcesBuildPhase;
			buildActionMask = 2147483647;
			files = (
			);
			runOnlyForDeploymentPostprocessing = 0;
		};
		99DB7F00225229CF005B44E8 /* Resources */ = {
			isa = PBXResourcesBuildPhase;
			buildActionMask = 2147483647;
			files = (
			);
			runOnlyForDeploymentPostprocessing = 0;
		};
/* End PBXResourcesBuildPhase section */

/* Begin PBXSourcesBuildPhase section */
		99DB7EDF225229CE005B44E8 /* Sources */ = {
			isa = PBXSourcesBuildPhase;
			buildActionMask = 2147483647;
			files = (
				99F403CC226AFF61005473A6 /* YOLO.swift in Sources */,
				9933D5D7226ED2A000D7D734 /* DetectionViewController.swift in Sources */,
				99DB7EE9225229CE005B44E8 /* ViewController.swift in Sources */,
				9974619A22649F0C00CE4903 /* DisplayViewController.swift in Sources */,
				99F403C8226AFF1B005473A6 /* CVPixelBuffer-UIImage.swift in Sources */,
				99DB7EE7225229CE005B44E8 /* AppDelegate.swift in Sources */,
				99F403CA226AFF3D005473A6 /* VideoCapture.swift in Sources */,
				99F403CE226AFFA4005473A6 /* Tiny.mlmodel in Sources */,
				9997377C2253080900566EB0 /* IdentificationViewController.swift in Sources */,
				99F403C4226AFEE4005473A6 /* Helper.swift in Sources */,
				99F403C2226AFEB5005473A6 /* BoundingBox.swift in Sources */,
				99DB7F1522522FBB005B44E8 /* CameraViewController.swift in Sources */,
				996DD14D22A2315C003C32B4 /* Snake.swift in Sources */,
				99F403C6226AFEFA005473A6 /* CVPiexlBuffer-Helper.swift in Sources */,
			);
			runOnlyForDeploymentPostprocessing = 0;
		};
		99DB7EF3225229CF005B44E8 /* Sources */ = {
			isa = PBXSourcesBuildPhase;
			buildActionMask = 2147483647;
			files = (
				99DB7EFC225229CF005B44E8 /* WhatSnakeTests.swift in Sources */,
			);
			runOnlyForDeploymentPostprocessing = 0;
		};
		99DB7EFE225229CF005B44E8 /* Sources */ = {
			isa = PBXSourcesBuildPhase;
			buildActionMask = 2147483647;
			files = (
				99DB7F07225229CF005B44E8 /* WhatSnakeUITests.swift in Sources */,
			);
			runOnlyForDeploymentPostprocessing = 0;
		};
/* End PBXSourcesBuildPhase section */

/* Begin PBXTargetDependency section */
		99DB7EF9225229CF005B44E8 /* PBXTargetDependency */ = {
			isa = PBXTargetDependency;
			target = 99DB7EE2225229CE005B44E8 /* WhatSnake */;
			targetProxy = 99DB7EF8225229CF005B44E8 /* PBXContainerItemProxy */;
		};
		99DB7F04225229CF005B44E8 /* PBXTargetDependency */ = {
			isa = PBXTargetDependency;
			target = 99DB7EE2225229CE005B44E8 /* WhatSnake */;
			targetProxy = 99DB7F03225229CF005B44E8 /* PBXContainerItemProxy */;
		};
/* End PBXTargetDependency section */

/* Begin PBXVariantGroup section */
		99DB7EEA225229CE005B44E8 /* Main.storyboard */ = {
			isa = PBXVariantGroup;
			children = (
				99DB7EEB225229CE005B44E8 /* Base */,
			);
			name = Main.storyboard;
			sourceTree = "<group>";
		};
		99DB7EEF225229CF005B44E8 /* LaunchScreen.storyboard */ = {
			isa = PBXVariantGroup;
			children = (
				99DB7EF0225229CF005B44E8 /* Base */,
			);
			name = LaunchScreen.storyboard;
			sourceTree = "<group>";
		};
/* End PBXVariantGroup section */

/* Begin XCBuildConfiguration section */
		99DB7F09225229CF005B44E8 /* Debug */ = {
			isa = XCBuildConfiguration;
			buildSettings = {
				ALWAYS_SEARCH_USER_PATHS = NO;
				CLANG_ANALYZER_NONNULL = YES;
				CLANG_ANALYZER_NUMBER_OBJECT_CONVERSION = YES_AGGRESSIVE;
				CLANG_CXX_LANGUAGE_STANDARD = "gnu++14";
				CLANG_CXX_LIBRARY = "libc++";
				CLANG_ENABLE_MODULES = YES;
				CLANG_ENABLE_OBJC_ARC = YES;
				CLANG_ENABLE_OBJC_WEAK = YES;
				CLANG_WARN_BLOCK_CAPTURE_AUTORELEASING = YES;
				CLANG_WARN_BOOL_CONVERSION = YES;
				CLANG_WARN_COMMA = YES;
				CLANG_WARN_CONSTANT_CONVERSION = YES;
				CLANG_WARN_DEPRECATED_OBJC_IMPLEMENTATIONS = YES;
				CLANG_WARN_DIRECT_OBJC_ISA_USAGE = YES_ERROR;
				CLANG_WARN_DOCUMENTATION_COMMENTS = YES;
				CLANG_WARN_EMPTY_BODY = YES;
				CLANG_WARN_ENUM_CONVERSION = YES;
				CLANG_WARN_INFINITE_RECURSION = YES;
				CLANG_WARN_INT_CONVERSION = YES;
				CLANG_WARN_NON_LITERAL_NULL_CONVERSION = YES;
				CLANG_WARN_OBJC_IMPLICIT_RETAIN_SELF = YES;
				CLANG_WARN_OBJC_LITERAL_CONVERSION = YES;
				CLANG_WARN_OBJC_ROOT_CLASS = YES_ERROR;
				CLANG_WARN_RANGE_LOOP_ANALYSIS = YES;
				CLANG_WARN_STRICT_PROTOTYPES = YES;
				CLANG_WARN_SUSPICIOUS_MOVE = YES;
				CLANG_WARN_UNGUARDED_AVAILABILITY = YES_AGGRESSIVE;
				CLANG_WARN_UNREACHABLE_CODE = YES;
				CLANG_WARN__DUPLICATE_METHOD_MATCH = YES;
				CODE_SIGN_IDENTITY = "iPhone Developer";
				COPY_PHASE_STRIP = NO;
				DEBUG_INFORMATION_FORMAT = dwarf;
				ENABLE_STRICT_OBJC_MSGSEND = YES;
				ENABLE_TESTABILITY = YES;
				GCC_C_LANGUAGE_STANDARD = gnu11;
				GCC_DYNAMIC_NO_PIC = NO;
				GCC_NO_COMMON_BLOCKS = YES;
				GCC_OPTIMIZATION_LEVEL = 0;
				GCC_PREPROCESSOR_DEFINITIONS = (
					"DEBUG=1",
					"$(inherited)",
				);
				GCC_WARN_64_TO_32_BIT_CONVERSION = YES;
				GCC_WARN_ABOUT_RETURN_TYPE = YES_ERROR;
				GCC_WARN_UNDECLARED_SELECTOR = YES;
				GCC_WARN_UNINITIALIZED_AUTOS = YES_AGGRESSIVE;
				GCC_WARN_UNUSED_FUNCTION = YES;
				GCC_WARN_UNUSED_VARIABLE = YES;
				IPHONEOS_DEPLOYMENT_TARGET = 12.2;
				MTL_ENABLE_DEBUG_INFO = INCLUDE_SOURCE;
				MTL_FAST_MATH = YES;
				ONLY_ACTIVE_ARCH = YES;
				SDKROOT = iphoneos;
				SWIFT_ACTIVE_COMPILATION_CONDITIONS = DEBUG;
				SWIFT_OPTIMIZATION_LEVEL = "-Onone";
			};
			name = Debug;
		};
		99DB7F0A225229CF005B44E8 /* Release */ = {
			isa = XCBuildConfiguration;
			buildSettings = {
				ALWAYS_SEARCH_USER_PATHS = NO;
				CLANG_ANALYZER_NONNULL = YES;
				CLANG_ANALYZER_NUMBER_OBJECT_CONVERSION = YES_AGGRESSIVE;
				CLANG_CXX_LANGUAGE_STANDARD = "gnu++14";
				CLANG_CXX_LIBRARY = "libc++";
				CLANG_ENABLE_MODULES = YES;
				CLANG_ENABLE_OBJC_ARC = YES;
				CLANG_ENABLE_OBJC_WEAK = YES;
				CLANG_WARN_BLOCK_CAPTURE_AUTORELEASING = YES;
				CLANG_WARN_BOOL_CONVERSION = YES;
				CLANG_WARN_COMMA = YES;
				CLANG_WARN_CONSTANT_CONVERSION = YES;
				CLANG_WARN_DEPRECATED_OBJC_IMPLEMENTATIONS = YES;
				CLANG_WARN_DIRECT_OBJC_ISA_USAGE = YES_ERROR;
				CLANG_WARN_DOCUMENTATION_COMMENTS = YES;
				CLANG_WARN_EMPTY_BODY = YES;
				CLANG_WARN_ENUM_CONVERSION = YES;
				CLANG_WARN_INFINITE_RECURSION = YES;
				CLANG_WARN_INT_CONVERSION = YES;
				CLANG_WARN_NON_LITERAL_NULL_CONVERSION = YES;
				CLANG_WARN_OBJC_IMPLICIT_RETAIN_SELF = YES;
				CLANG_WARN_OBJC_LITERAL_CONVERSION = YES;
				CLANG_WARN_OBJC_ROOT_CLASS = YES_ERROR;
				CLANG_WARN_RANGE_LOOP_ANALYSIS = YES;
				CLANG_WARN_STRICT_PROTOTYPES = YES;
				CLANG_WARN_SUSPICIOUS_MOVE = YES;
				CLANG_WARN_UNGUARDED_AVAILABILITY = YES_AGGRESSIVE;
				CLANG_WARN_UNREACHABLE_CODE = YES;
				CLANG_WARN__DUPLICATE_METHOD_MATCH = YES;
				CODE_SIGN_IDENTITY = "iPhone Developer";
				COPY_PHASE_STRIP = NO;
				DEBUG_INFORMATION_FORMAT = "dwarf-with-dsym";
				ENABLE_NS_ASSERTIONS = NO;
				ENABLE_STRICT_OBJC_MSGSEND = YES;
				GCC_C_LANGUAGE_STANDARD = gnu11;
				GCC_NO_COMMON_BLOCKS = YES;
				GCC_WARN_64_TO_32_BIT_CONVERSION = YES;
				GCC_WARN_ABOUT_RETURN_TYPE = YES_ERROR;
				GCC_WARN_UNDECLARED_SELECTOR = YES;
				GCC_WARN_UNINITIALIZED_AUTOS = YES_AGGRESSIVE;
				GCC_WARN_UNUSED_FUNCTION = YES;
				GCC_WARN_UNUSED_VARIABLE = YES;
				IPHONEOS_DEPLOYMENT_TARGET = 12.2;
				MTL_ENABLE_DEBUG_INFO = NO;
				MTL_FAST_MATH = YES;
				SDKROOT = iphoneos;
				SWIFT_COMPILATION_MODE = wholemodule;
				SWIFT_OPTIMIZATION_LEVEL = "-O";
				VALIDATE_PRODUCT = YES;
			};
			name = Release;
		};
		99DB7F0C225229CF005B44E8 /* Debug */ = {
			isa = XCBuildConfiguration;
			buildSettings = {
				ASSETCATALOG_COMPILER_APPICON_NAME = AppIcon;
				CODE_SIGN_STYLE = Automatic;
				DEVELOPMENT_TEAM = 4K462NWT45;
				INFOPLIST_FILE = WhatSnake/Info.plist;
				LD_RUNPATH_SEARCH_PATHS = (
					"$(inherited)",
					"@executable_path/Frameworks",
				);
				PRODUCT_BUNDLE_IDENTIFIER = com.zintrulcre.WhatSnake;
				PRODUCT_NAME = "$(TARGET_NAME)";
				SWIFT_VERSION = 5.0;
				TARGETED_DEVICE_FAMILY = "1,2";
			};
			name = Debug;
		};
		99DB7F0D225229CF005B44E8 /* Release */ = {
			isa = XCBuildConfiguration;
			buildSettings = {
				ASSETCATALOG_COMPILER_APPICON_NAME = AppIcon;
				CODE_SIGN_STYLE = Automatic;
				DEVELOPMENT_TEAM = 4K462NWT45;
				INFOPLIST_FILE = WhatSnake/Info.plist;
				LD_RUNPATH_SEARCH_PATHS = (
					"$(inherited)",
					"@executable_path/Frameworks",
				);
				PRODUCT_BUNDLE_IDENTIFIER = com.zintrulcre.WhatSnake;
				PRODUCT_NAME = "$(TARGET_NAME)";
				SWIFT_VERSION = 5.0;
				TARGETED_DEVICE_FAMILY = "1,2";
			};
			name = Release;
		};
		99DB7F0F225229CF005B44E8 /* Debug */ = {
			isa = XCBuildConfiguration;
			buildSettings = {
				ALWAYS_EMBED_SWIFT_STANDARD_LIBRARIES = YES;
				BUNDLE_LOADER = "$(TEST_HOST)";
				CODE_SIGN_STYLE = Automatic;
				DEVELOPMENT_TEAM = 4K462NWT45;
				INFOPLIST_FILE = WhatSnakeTests/Info.plist;
				LD_RUNPATH_SEARCH_PATHS = (
					"$(inherited)",
					"@executable_path/Frameworks",
					"@loader_path/Frameworks",
				);
				PRODUCT_BUNDLE_IDENTIFIER = com.zintrulcre.WhatSnakeTests;
				PRODUCT_NAME = "$(TARGET_NAME)";
				SWIFT_VERSION = 5.0;
				TARGETED_DEVICE_FAMILY = "1,2";
				TEST_HOST = "$(BUILT_PRODUCTS_DIR)/WhatSnake.app/WhatSnake";
			};
			name = Debug;
		};
		99DB7F10225229CF005B44E8 /* Release */ = {
			isa = XCBuildConfiguration;
			buildSettings = {
				ALWAYS_EMBED_SWIFT_STANDARD_LIBRARIES = YES;
				BUNDLE_LOADER = "$(TEST_HOST)";
				CODE_SIGN_STYLE = Automatic;
				DEVELOPMENT_TEAM = 4K462NWT45;
				INFOPLIST_FILE = WhatSnakeTests/Info.plist;
				LD_RUNPATH_SEARCH_PATHS = (
					"$(inherited)",
					"@executable_path/Frameworks",
					"@loader_path/Frameworks",
				);
				PRODUCT_BUNDLE_IDENTIFIER = com.zintrulcre.WhatSnakeTests;
				PRODUCT_NAME = "$(TARGET_NAME)";
				SWIFT_VERSION = 5.0;
				TARGETED_DEVICE_FAMILY = "1,2";
				TEST_HOST = "$(BUILT_PRODUCTS_DIR)/WhatSnake.app/WhatSnake";
			};
			name = Release;
		};
		99DB7F12225229CF005B44E8 /* Debug */ = {
			isa = XCBuildConfiguration;
			buildSettings = {
				ALWAYS_EMBED_SWIFT_STANDARD_LIBRARIES = YES;
				CODE_SIGN_STYLE = Automatic;
				DEVELOPMENT_TEAM = 4K462NWT45;
				INFOPLIST_FILE = WhatSnakeUITests/Info.plist;
				LD_RUNPATH_SEARCH_PATHS = (
					"$(inherited)",
					"@executable_path/Frameworks",
					"@loader_path/Frameworks",
				);
				PRODUCT_BUNDLE_IDENTIFIER = com.zintrulcre.WhatSnakeUITests;
				PRODUCT_NAME = "$(TARGET_NAME)";
				SWIFT_VERSION = 5.0;
				TARGETED_DEVICE_FAMILY = "1,2";
				TEST_TARGET_NAME = WhatSnake;
			};
			name = Debug;
		};
		99DB7F13225229CF005B44E8 /* Release */ = {
			isa = XCBuildConfiguration;
			buildSettings = {
				ALWAYS_EMBED_SWIFT_STANDARD_LIBRARIES = YES;
				CODE_SIGN_STYLE = Automatic;
				DEVELOPMENT_TEAM = 4K462NWT45;
				INFOPLIST_FILE = WhatSnakeUITests/Info.plist;
				LD_RUNPATH_SEARCH_PATHS = (
					"$(inherited)",
					"@executable_path/Frameworks",
					"@loader_path/Frameworks",
				);
				PRODUCT_BUNDLE_IDENTIFIER = com.zintrulcre.WhatSnakeUITests;
				PRODUCT_NAME = "$(TARGET_NAME)";
				SWIFT_VERSION = 5.0;
				TARGETED_DEVICE_FAMILY = "1,2";
				TEST_TARGET_NAME = WhatSnake;
			};
			name = Release;
		};
/* End XCBuildConfiguration section */

/* Begin XCConfigurationList section */
		99DB7EDE225229CE005B44E8 /* Build configuration list for PBXProject "WhatSnake" */ = {
			isa = XCConfigurationList;
			buildConfigurations = (
				99DB7F09225229CF005B44E8 /* Debug */,
				99DB7F0A225229CF005B44E8 /* Release */,
			);
			defaultConfigurationIsVisible = 0;
			defaultConfigurationName = Release;
		};
		99DB7F0B225229CF005B44E8 /* Build configuration list for PBXNativeTarget "WhatSnake" */ = {
			isa = XCConfigurationList;
			buildConfigurations = (
				99DB7F0C225229CF005B44E8 /* Debug */,
				99DB7F0D225229CF005B44E8 /* Release */,
			);
			defaultConfigurationIsVisible = 0;
			defaultConfigurationName = Release;
		};
		99DB7F0E225229CF005B44E8 /* Build configuration list for PBXNativeTarget "WhatSnakeTests" */ = {
			isa = XCConfigurationList;
			buildConfigurations = (
				99DB7F0F225229CF005B44E8 /* Debug */,
				99DB7F10225229CF005B44E8 /* Release */,
			);
			defaultConfigurationIsVisible = 0;
			defaultConfigurationName = Release;
		};
		99DB7F11225229CF005B44E8 /* Build configuration list for PBXNativeTarget "WhatSnakeUITests" */ = {
			isa = XCConfigurationList;
			buildConfigurations = (
				99DB7F12225229CF005B44E8 /* Debug */,
				99DB7F13225229CF005B44E8 /* Release */,
			);
			defaultConfigurationIsVisible = 0;
			defaultConfigurationName = Release;
		};
/* End XCConfigurationList section */
	};
	rootObject = 99DB7EDB225229CE005B44E8 /* Project object */;
}
