// !$*UTF8*$!
{
	archiveVersion = 1;
	classes = {
	};
	objectVersion = 50;
	objects = {

/* Begin PBXBuildFile section */
		99AA2C6B225187B800972B47 /* AppDelegate.swift in Sources */ = {isa = PBXBuildFile; fileRef = 99AA2C6A225187B800972B47 /* AppDelegate.swift */; };
		99AA2C6D225187B800972B47 /* ViewController.swift in Sources */ = {isa = PBXBuildFile; fileRef = 99AA2C6C225187B800972B47 /* ViewController.swift */; };
		99AA2C70225187B800972B47 /* Main.storyboard in Resources */ = {isa = PBXBuildFile; fileRef = 99AA2C6E225187B800972B47 /* Main.storyboard */; };
		99AA2C72225187BA00972B47 /* Assets.xcassets in Resources */ = {isa = PBXBuildFile; fileRef = 99AA2C71225187BA00972B47 /* Assets.xcassets */; };
		99AA2C75225187BA00972B47 /* LaunchScreen.storyboard in Resources */ = {isa = PBXBuildFile; fileRef = 99AA2C73225187BA00972B47 /* LaunchScreen.storyboard */; };
		99AA2C80225187BA00972B47 /* SnakeRecogTests.swift in Sources */ = {isa = PBXBuildFile; fileRef = 99AA2C7F225187BA00972B47 /* SnakeRecogTests.swift */; };
		99AA2C8B225187BA00972B47 /* SnakeRecogUITests.swift in Sources */ = {isa = PBXBuildFile; fileRef = 99AA2C8A225187BA00972B47 /* SnakeRecogUITests.swift */; };
		99AA2C9B22518FDF00972B47 /* PreviewViewController.swift in Sources */ = {isa = PBXBuildFile; fileRef = 99AA2C9A22518FDF00972B47 /* PreviewViewController.swift */; };
		99AA2C9E2251CD4C00972B47 /* VGG16.mlmodel in Sources */ = {isa = PBXBuildFile; fileRef = 99AA2C9D2251CD4C00972B47 /* VGG16.mlmodel */; };
/* End PBXBuildFile section */

/* Begin PBXContainerItemProxy section */
		99AA2C7C225187BA00972B47 /* PBXContainerItemProxy */ = {
			isa = PBXContainerItemProxy;
			containerPortal = 99AA2C5F225187B800972B47 /* Project object */;
			proxyType = 1;
			remoteGlobalIDString = 99AA2C66225187B800972B47;
			remoteInfo = SnakeRecog;
		};
		99AA2C87225187BA00972B47 /* PBXContainerItemProxy */ = {
			isa = PBXContainerItemProxy;
			containerPortal = 99AA2C5F225187B800972B47 /* Project object */;
			proxyType = 1;
			remoteGlobalIDString = 99AA2C66225187B800972B47;
			remoteInfo = SnakeRecog;
		};
/* End PBXContainerItemProxy section */

/* Begin PBXFileReference section */
		99AA2C6A225187B800972B47 /* AppDelegate.swift */ = {isa = PBXFileReference; lastKnownFileType = sourcecode.swift; path = AppDelegate.swift; sourceTree = "<group>"; };
		99AA2C6C225187B800972B47 /* ViewController.swift */ = {isa = PBXFileReference; lastKnownFileType = sourcecode.swift; path = ViewController.swift; sourceTree = "<group>"; };
		99AA2C6F225187B800972B47 /* Base */ = {isa = PBXFileReference; lastKnownFileType = file.storyboard; name = Base; path = Base.lproj/Main.storyboard; sourceTree = "<group>"; };
		99AA2C71225187BA00972B47 /* Assets.xcassets */ = {isa = PBXFileReference; lastKnownFileType = folder.assetcatalog; path = Assets.xcassets; sourceTree = "<group>"; };
		99AA2C74225187BA00972B47 /* Base */ = {isa = PBXFileReference; lastKnownFileType = file.storyboard; name = Base; path = Base.lproj/LaunchScreen.storyboard; sourceTree = "<group>"; };
		99AA2C76225187BA00972B47 /* Info.plist */ = {isa = PBXFileReference; lastKnownFileType = text.plist.xml; path = Info.plist; sourceTree = "<group>"; };
		99AA2C7B225187BA00972B47 /* SnakeRecogTests.xctest */ = {isa = PBXFileReference; explicitFileType = wrapper.cfbundle; includeInIndex = 0; name = SnakeRecogTests.xctest; path = "/Users/zhengyuchen/Projects/XCode/SnakeRecog/build/Debug-iphoneos/SnakeRecogTests.xctest"; sourceTree = "<absolute>"; };
		99AA2C7F225187BA00972B47 /* SnakeRecogTests.swift */ = {isa = PBXFileReference; lastKnownFileType = sourcecode.swift; path = SnakeRecogTests.swift; sourceTree = "<group>"; };
		99AA2C81225187BA00972B47 /* Info.plist */ = {isa = PBXFileReference; lastKnownFileType = text.plist.xml; path = Info.plist; sourceTree = "<group>"; };
		99AA2C86225187BA00972B47 /* SnakeRecogUITests.xctest */ = {isa = PBXFileReference; explicitFileType = wrapper.cfbundle; includeInIndex = 0; name = SnakeRecogUITests.xctest; path = "/Users/zhengyuchen/Projects/XCode/SnakeRecog/build/Debug-iphoneos/SnakeRecogUITests.xctest"; sourceTree = "<absolute>"; };
		99AA2C8A225187BA00972B47 /* SnakeRecogUITests.swift */ = {isa = PBXFileReference; lastKnownFileType = sourcecode.swift; path = SnakeRecogUITests.swift; sourceTree = "<group>"; };
		99AA2C8C225187BA00972B47 /* Info.plist */ = {isa = PBXFileReference; lastKnownFileType = text.plist.xml; path = Info.plist; sourceTree = "<group>"; };
		99AA2C9A22518FDF00972B47 /* PreviewViewController.swift */ = {isa = PBXFileReference; lastKnownFileType = sourcecode.swift; path = PreviewViewController.swift; sourceTree = "<group>"; };
		99AA2C9D2251CD4C00972B47 /* VGG16.mlmodel */ = {isa = PBXFileReference; lastKnownFileType = file.mlmodel; path = VGG16.mlmodel; sourceTree = "<group>"; };
		99AA2CA32251E14500972B47 /* SnakeRecog.app */ = {isa = PBXFileReference; explicitFileType = wrapper.application; includeInIndex = 0; path = SnakeRecog.app; sourceTree = BUILT_PRODUCTS_DIR; };
/* End PBXFileReference section */

/* Begin PBXFrameworksBuildPhase section */
		99AA2C64225187B800972B47 /* Frameworks */ = {
			isa = PBXFrameworksBuildPhase;
			buildActionMask = 2147483647;
			files = (
			);
			runOnlyForDeploymentPostprocessing = 0;
		};
		99AA2C78225187BA00972B47 /* Frameworks */ = {
			isa = PBXFrameworksBuildPhase;
			buildActionMask = 2147483647;
			files = (
			);
			runOnlyForDeploymentPostprocessing = 0;
		};
		99AA2C83225187BA00972B47 /* Frameworks */ = {
			isa = PBXFrameworksBuildPhase;
			buildActionMask = 2147483647;
			files = (
			);
			runOnlyForDeploymentPostprocessing = 0;
		};
/* End PBXFrameworksBuildPhase section */

/* Begin PBXGroup section */
		99AA2C5E225187B800972B47 = {
			isa = PBXGroup;
			children = (
				99AA2C9C2251CCDE00972B47 /* Resources */,
				99AA2C69225187B800972B47 /* SnakeRecog */,
				99AA2C7E225187BA00972B47 /* SnakeRecogTests */,
				99AA2C89225187BA00972B47 /* SnakeRecogUITests */,
				99AA2CA32251E14500972B47 /* SnakeRecog.app */,
			);
			sourceTree = "<group>";
		};
		99AA2C69225187B800972B47 /* SnakeRecog */ = {
			isa = PBXGroup;
			children = (
				99AA2C6A225187B800972B47 /* AppDelegate.swift */,
				99AA2C6C225187B800972B47 /* ViewController.swift */,
				99AA2C9A22518FDF00972B47 /* PreviewViewController.swift */,
				99AA2C6E225187B800972B47 /* Main.storyboard */,
				99AA2C71225187BA00972B47 /* Assets.xcassets */,
				99AA2C73225187BA00972B47 /* LaunchScreen.storyboard */,
				99AA2C76225187BA00972B47 /* Info.plist */,
			);
			path = SnakeRecog;
			sourceTree = "<group>";
		};
		99AA2C7E225187BA00972B47 /* SnakeRecogTests */ = {
			isa = PBXGroup;
			children = (
				99AA2C7F225187BA00972B47 /* SnakeRecogTests.swift */,
				99AA2C81225187BA00972B47 /* Info.plist */,
			);
			path = SnakeRecogTests;
			sourceTree = "<group>";
		};
		99AA2C89225187BA00972B47 /* SnakeRecogUITests */ = {
			isa = PBXGroup;
			children = (
				99AA2C8A225187BA00972B47 /* SnakeRecogUITests.swift */,
				99AA2C8C225187BA00972B47 /* Info.plist */,
			);
			path = SnakeRecogUITests;
			sourceTree = "<group>";
		};
		99AA2C9C2251CCDE00972B47 /* Resources */ = {
			isa = PBXGroup;
			children = (
				99AA2C9D2251CD4C00972B47 /* VGG16.mlmodel */,
			);
			path = Resources;
			sourceTree = "<group>";
		};
/* End PBXGroup section */

/* Begin PBXNativeTarget section */
		99AA2C66225187B800972B47 /* SnakeRecog */ = {
			isa = PBXNativeTarget;
			buildConfigurationList = 99AA2C8F225187BA00972B47 /* Build configuration list for PBXNativeTarget "SnakeRecog" */;
			buildPhases = (
				99AA2C63225187B800972B47 /* Sources */,
				99AA2C64225187B800972B47 /* Frameworks */,
				99AA2C65225187B800972B47 /* Resources */,
			);
			buildRules = (
			);
			dependencies = (
			);
			name = SnakeRecog;
			productName = SnakeRecog;
			productReference = 99AA2CA32251E14500972B47 /* SnakeRecog.app */;
			productType = "com.apple.product-type.application";
		};
		99AA2C7A225187BA00972B47 /* SnakeRecogTests */ = {
			isa = PBXNativeTarget;
			buildConfigurationList = 99AA2C92225187BA00972B47 /* Build configuration list for PBXNativeTarget "SnakeRecogTests" */;
			buildPhases = (
				99AA2C77225187BA00972B47 /* Sources */,
				99AA2C78225187BA00972B47 /* Frameworks */,
				99AA2C79225187BA00972B47 /* Resources */,
			);
			buildRules = (
			);
			dependencies = (
				99AA2C7D225187BA00972B47 /* PBXTargetDependency */,
			);
			name = SnakeRecogTests;
			productName = SnakeRecogTests;
			productReference = 99AA2C7B225187BA00972B47 /* SnakeRecogTests.xctest */;
			productType = "com.apple.product-type.bundle.unit-test";
		};
		99AA2C85225187BA00972B47 /* SnakeRecogUITests */ = {
			isa = PBXNativeTarget;
			buildConfigurationList = 99AA2C95225187BA00972B47 /* Build configuration list for PBXNativeTarget "SnakeRecogUITests" */;
			buildPhases = (
				99AA2C82225187BA00972B47 /* Sources */,
				99AA2C83225187BA00972B47 /* Frameworks */,
				99AA2C84225187BA00972B47 /* Resources */,
			);
			buildRules = (
			);
			dependencies = (
				99AA2C88225187BA00972B47 /* PBXTargetDependency */,
			);
			name = SnakeRecogUITests;
			productName = SnakeRecogUITests;
			productReference = 99AA2C86225187BA00972B47 /* SnakeRecogUITests.xctest */;
			productType = "com.apple.product-type.bundle.ui-testing";
		};
/* End PBXNativeTarget section */

/* Begin PBXProject section */
		99AA2C5F225187B800972B47 /* Project object */ = {
			isa = PBXProject;
			attributes = {
				LastSwiftUpdateCheck = 1020;
				LastUpgradeCheck = 1020;
				ORGANIZATIONNAME = ZintrulCre;
				TargetAttributes = {
					99AA2C66225187B800972B47 = {
						CreatedOnToolsVersion = 10.2;
					};
					99AA2C7A225187BA00972B47 = {
						CreatedOnToolsVersion = 10.2;
						TestTargetID = 99AA2C66225187B800972B47;
					};
					99AA2C85225187BA00972B47 = {
						CreatedOnToolsVersion = 10.2;
						TestTargetID = 99AA2C66225187B800972B47;
					};
				};
			};
			buildConfigurationList = 99AA2C62225187B800972B47 /* Build configuration list for PBXProject "SnakeRecog" */;
			compatibilityVersion = "Xcode 9.3";
			developmentRegion = en;
			hasScannedForEncodings = 0;
			knownRegions = (
				en,
				Base,
			);
			mainGroup = 99AA2C5E225187B800972B47;
			productRefGroup = 99AA2C5E225187B800972B47;
			projectDirPath = "";
			projectRoot = "";
			targets = (
				99AA2C66225187B800972B47 /* SnakeRecog */,
				99AA2C7A225187BA00972B47 /* SnakeRecogTests */,
				99AA2C85225187BA00972B47 /* SnakeRecogUITests */,
			);
		};
/* End PBXProject section */

/* Begin PBXResourcesBuildPhase section */
		99AA2C65225187B800972B47 /* Resources */ = {
			isa = PBXResourcesBuildPhase;
			buildActionMask = 2147483647;
			files = (
				99AA2C75225187BA00972B47 /* LaunchScreen.storyboard in Resources */,
				99AA2C72225187BA00972B47 /* Assets.xcassets in Resources */,
				99AA2C70225187B800972B47 /* Main.storyboard in Resources */,
			);
			runOnlyForDeploymentPostprocessing = 0;
		};
		99AA2C79225187BA00972B47 /* Resources */ = {
			isa = PBXResourcesBuildPhase;
			buildActionMask = 2147483647;
			files = (
			);
			runOnlyForDeploymentPostprocessing = 0;
		};
		99AA2C84225187BA00972B47 /* Resources */ = {
			isa = PBXResourcesBuildPhase;
			buildActionMask = 2147483647;
			files = (
			);
			runOnlyForDeploymentPostprocessing = 0;
		};
/* End PBXResourcesBuildPhase section */

/* Begin PBXSourcesBuildPhase section */
		99AA2C63225187B800972B47 /* Sources */ = {
			isa = PBXSourcesBuildPhase;
			buildActionMask = 2147483647;
			files = (
				99AA2C9E2251CD4C00972B47 /* VGG16.mlmodel in Sources */,
				99AA2C6D225187B800972B47 /* ViewController.swift in Sources */,
				99AA2C6B225187B800972B47 /* AppDelegate.swift in Sources */,
				99AA2C9B22518FDF00972B47 /* PreviewViewController.swift in Sources */,
			);
			runOnlyForDeploymentPostprocessing = 0;
		};
		99AA2C77225187BA00972B47 /* Sources */ = {
			isa = PBXSourcesBuildPhase;
			buildActionMask = 2147483647;
			files = (
				99AA2C80225187BA00972B47 /* SnakeRecogTests.swift in Sources */,
			);
			runOnlyForDeploymentPostprocessing = 0;
		};
		99AA2C82225187BA00972B47 /* Sources */ = {
			isa = PBXSourcesBuildPhase;
			buildActionMask = 2147483647;
			files = (
				99AA2C8B225187BA00972B47 /* SnakeRecogUITests.swift in Sources */,
			);
			runOnlyForDeploymentPostprocessing = 0;
		};
/* End PBXSourcesBuildPhase section */

/* Begin PBXTargetDependency section */
		99AA2C7D225187BA00972B47 /* PBXTargetDependency */ = {
			isa = PBXTargetDependency;
			target = 99AA2C66225187B800972B47 /* SnakeRecog */;
			targetProxy = 99AA2C7C225187BA00972B47 /* PBXContainerItemProxy */;
		};
		99AA2C88225187BA00972B47 /* PBXTargetDependency */ = {
			isa = PBXTargetDependency;
			target = 99AA2C66225187B800972B47 /* SnakeRecog */;
			targetProxy = 99AA2C87225187BA00972B47 /* PBXContainerItemProxy */;
		};
/* End PBXTargetDependency section */

/* Begin PBXVariantGroup section */
		99AA2C6E225187B800972B47 /* Main.storyboard */ = {
			isa = PBXVariantGroup;
			children = (
				99AA2C6F225187B800972B47 /* Base */,
			);
			name = Main.storyboard;
			sourceTree = "<group>";
		};
		99AA2C73225187BA00972B47 /* LaunchScreen.storyboard */ = {
			isa = PBXVariantGroup;
			children = (
				99AA2C74225187BA00972B47 /* Base */,
			);
			name = LaunchScreen.storyboard;
			sourceTree = "<group>";
		};
/* End PBXVariantGroup section */

/* Begin XCBuildConfiguration section */
		99AA2C8D225187BA00972B47 /* Debug */ = {
			isa = XCBuildConfiguration;
			buildSettings = {
				ALWAYS_SEARCH_USER_PATHS = NO;
				CLANG_ANALYZER_NONNULL = YES;
				CLANG_ANALYZER_NUMBER_OBJECT_CONVERSION = YES_AGGRESSIVE;
				CLANG_CXX_LANGUAGE_STANDARD = "gnu++14";
				CLANG_CXX_LIBRARY = "libc++";
				CLANG_ENABLE_MODULES = YES;
				CLANG_ENABLE_OBJC_ARC = YES;
				CLANG_ENABLE_OBJC_WEAK = YES;
				CLANG_WARN_BLOCK_CAPTURE_AUTORELEASING = YES;
				CLANG_WARN_BOOL_CONVERSION = YES;
				CLANG_WARN_COMMA = YES;
				CLANG_WARN_CONSTANT_CONVERSION = YES;
				CLANG_WARN_DEPRECATED_OBJC_IMPLEMENTATIONS = YES;
				CLANG_WARN_DIRECT_OBJC_ISA_USAGE = YES_ERROR;
				CLANG_WARN_DOCUMENTATION_COMMENTS = YES;
				CLANG_WARN_EMPTY_BODY = YES;
				CLANG_WARN_ENUM_CONVERSION = YES;
				CLANG_WARN_INFINITE_RECURSION = YES;
				CLANG_WARN_INT_CONVERSION = YES;
				CLANG_WARN_NON_LITERAL_NULL_CONVERSION = YES;
				CLANG_WARN_OBJC_IMPLICIT_RETAIN_SELF = YES;
				CLANG_WARN_OBJC_LITERAL_CONVERSION = YES;
				CLANG_WARN_OBJC_ROOT_CLASS = YES_ERROR;
				CLANG_WARN_RANGE_LOOP_ANALYSIS = YES;
				CLANG_WARN_STRICT_PROTOTYPES = YES;
				CLANG_WARN_SUSPICIOUS_MOVE = YES;
				CLANG_WARN_UNGUARDED_AVAILABILITY = YES_AGGRESSIVE;
				CLANG_WARN_UNREACHABLE_CODE = YES;
				CLANG_WARN__DUPLICATE_METHOD_MATCH = YES;
				CODE_SIGN_IDENTITY = "iPhone Developer";
				COPY_PHASE_STRIP = NO;
				DEBUG_INFORMATION_FORMAT = dwarf;
				ENABLE_STRICT_OBJC_MSGSEND = YES;
				ENABLE_TESTABILITY = YES;
				GCC_C_LANGUAGE_STANDARD = gnu11;
				GCC_DYNAMIC_NO_PIC = NO;
				GCC_NO_COMMON_BLOCKS = YES;
				GCC_OPTIMIZATION_LEVEL = 0;
				GCC_PREPROCESSOR_DEFINITIONS = (
					"DEBUG=1",
					"$(inherited)",
				);
				GCC_WARN_64_TO_32_BIT_CONVERSION = YES;
				GCC_WARN_ABOUT_RETURN_TYPE = YES_ERROR;
				GCC_WARN_UNDECLARED_SELECTOR = YES;
				GCC_WARN_UNINITIALIZED_AUTOS = YES_AGGRESSIVE;
				GCC_WARN_UNUSED_FUNCTION = YES;
				GCC_WARN_UNUSED_VARIABLE = YES;
				IPHONEOS_DEPLOYMENT_TARGET = 12.2;
				MTL_ENABLE_DEBUG_INFO = INCLUDE_SOURCE;
				MTL_FAST_MATH = YES;
				ONLY_ACTIVE_ARCH = YES;
				SDKROOT = iphoneos;
				SWIFT_ACTIVE_COMPILATION_CONDITIONS = DEBUG;
				SWIFT_OPTIMIZATION_LEVEL = "-Onone";
			};
			name = Debug;
		};
		99AA2C8E225187BA00972B47 /* Release */ = {
			isa = XCBuildConfiguration;
			buildSettings = {
				ALWAYS_SEARCH_USER_PATHS = NO;
				CLANG_ANALYZER_NONNULL = YES;
				CLANG_ANALYZER_NUMBER_OBJECT_CONVERSION = YES_AGGRESSIVE;
				CLANG_CXX_LANGUAGE_STANDARD = "gnu++14";
				CLANG_CXX_LIBRARY = "libc++";
				CLANG_ENABLE_MODULES = YES;
				CLANG_ENABLE_OBJC_ARC = YES;
				CLANG_ENABLE_OBJC_WEAK = YES;
				CLANG_WARN_BLOCK_CAPTURE_AUTORELEASING = YES;
				CLANG_WARN_BOOL_CONVERSION = YES;
				CLANG_WARN_COMMA = YES;
				CLANG_WARN_CONSTANT_CONVERSION = YES;
				CLANG_WARN_DEPRECATED_OBJC_IMPLEMENTATIONS = YES;
				CLANG_WARN_DIRECT_OBJC_ISA_USAGE = YES_ERROR;
				CLANG_WARN_DOCUMENTATION_COMMENTS = YES;
				CLANG_WARN_EMPTY_BODY = YES;
				CLANG_WARN_ENUM_CONVERSION = YES;
				CLANG_WARN_INFINITE_RECURSION = YES;
				CLANG_WARN_INT_CONVERSION = YES;
				CLANG_WARN_NON_LITERAL_NULL_CONVERSION = YES;
				CLANG_WARN_OBJC_IMPLICIT_RETAIN_SELF = YES;
				CLANG_WARN_OBJC_LITERAL_CONVERSION = YES;
				CLANG_WARN_OBJC_ROOT_CLASS = YES_ERROR;
				CLANG_WARN_RANGE_LOOP_ANALYSIS = YES;
				CLANG_WARN_STRICT_PROTOTYPES = YES;
				CLANG_WARN_SUSPICIOUS_MOVE = YES;
				CLANG_WARN_UNGUARDED_AVAILABILITY = YES_AGGRESSIVE;
				CLANG_WARN_UNREACHABLE_CODE = YES;
				CLANG_WARN__DUPLICATE_METHOD_MATCH = YES;
				CODE_SIGN_IDENTITY = "iPhone Developer";
				COPY_PHASE_STRIP = NO;
				DEBUG_INFORMATION_FORMAT = "dwarf-with-dsym";
				ENABLE_NS_ASSERTIONS = NO;
				ENABLE_STRICT_OBJC_MSGSEND = YES;
				GCC_C_LANGUAGE_STANDARD = gnu11;
				GCC_NO_COMMON_BLOCKS = YES;
				GCC_WARN_64_TO_32_BIT_CONVERSION = YES;
				GCC_WARN_ABOUT_RETURN_TYPE = YES_ERROR;
				GCC_WARN_UNDECLARED_SELECTOR = YES;
				GCC_WARN_UNINITIALIZED_AUTOS = YES_AGGRESSIVE;
				GCC_WARN_UNUSED_FUNCTION = YES;
				GCC_WARN_UNUSED_VARIABLE = YES;
				IPHONEOS_DEPLOYMENT_TARGET = 12.2;
				MTL_ENABLE_DEBUG_INFO = NO;
				MTL_FAST_MATH = YES;
				SDKROOT = iphoneos;
				SWIFT_COMPILATION_MODE = wholemodule;
				SWIFT_OPTIMIZATION_LEVEL = "-O";
				VALIDATE_PRODUCT = YES;
			};
			name = Release;
		};
		99AA2C90225187BA00972B47 /* Debug */ = {
			isa = XCBuildConfiguration;
			buildSettings = {
				ASSETCATALOG_COMPILER_APPICON_NAME = AppIcon;
				CODE_SIGN_STYLE = Automatic;
				DEVELOPMENT_TEAM = 4K462NWT45;
				INFOPLIST_FILE = SnakeRecog/Info.plist;
				LD_RUNPATH_SEARCH_PATHS = (
					"$(inherited)",
					"@executable_path/Frameworks",
				);
				PRODUCT_BUNDLE_IDENTIFIER = com.zintrulcre.SnakeRecog;
				PRODUCT_NAME = "$(TARGET_NAME)";
				SWIFT_VERSION = 5.0;
				TARGETED_DEVICE_FAMILY = "1,2";
			};
			name = Debug;
		};
		99AA2C91225187BA00972B47 /* Release */ = {
			isa = XCBuildConfiguration;
			buildSettings = {
				ASSETCATALOG_COMPILER_APPICON_NAME = AppIcon;
				CODE_SIGN_STYLE = Automatic;
				DEVELOPMENT_TEAM = 4K462NWT45;
				INFOPLIST_FILE = SnakeRecog/Info.plist;
				LD_RUNPATH_SEARCH_PATHS = (
					"$(inherited)",
					"@executable_path/Frameworks",
				);
				PRODUCT_BUNDLE_IDENTIFIER = com.zintrulcre.SnakeRecog;
				PRODUCT_NAME = "$(TARGET_NAME)";
				SWIFT_VERSION = 5.0;
				TARGETED_DEVICE_FAMILY = "1,2";
			};
			name = Release;
		};
		99AA2C93225187BA00972B47 /* Debug */ = {
			isa = XCBuildConfiguration;
			buildSettings = {
				ALWAYS_EMBED_SWIFT_STANDARD_LIBRARIES = YES;
				BUNDLE_LOADER = "$(TEST_HOST)";
				CODE_SIGN_STYLE = Automatic;
				DEVELOPMENT_TEAM = 4K462NWT45;
				INFOPLIST_FILE = SnakeRecogTests/Info.plist;
				LD_RUNPATH_SEARCH_PATHS = (
					"$(inherited)",
					"@executable_path/Frameworks",
					"@loader_path/Frameworks",
				);
				PRODUCT_BUNDLE_IDENTIFIER = com.zintrulcre.SnakeRecogTests;
				PRODUCT_NAME = "$(TARGET_NAME)";
				SWIFT_VERSION = 5.0;
				TARGETED_DEVICE_FAMILY = "1,2";
				TEST_HOST = "$(BUILT_PRODUCTS_DIR)/SnakeRecog.app/SnakeRecog";
			};
			name = Debug;
		};
		99AA2C94225187BA00972B47 /* Release */ = {
			isa = XCBuildConfiguration;
			buildSettings = {
				ALWAYS_EMBED_SWIFT_STANDARD_LIBRARIES = YES;
				BUNDLE_LOADER = "$(TEST_HOST)";
				CODE_SIGN_STYLE = Automatic;
				DEVELOPMENT_TEAM = 4K462NWT45;
				INFOPLIST_FILE = SnakeRecogTests/Info.plist;
				LD_RUNPATH_SEARCH_PATHS = (
					"$(inherited)",
					"@executable_path/Frameworks",
					"@loader_path/Frameworks",
				);
				PRODUCT_BUNDLE_IDENTIFIER = com.zintrulcre.SnakeRecogTests;
				PRODUCT_NAME = "$(TARGET_NAME)";
				SWIFT_VERSION = 5.0;
				TARGETED_DEVICE_FAMILY = "1,2";
				TEST_HOST = "$(BUILT_PRODUCTS_DIR)/SnakeRecog.app/SnakeRecog";
			};
			name = Release;
		};
		99AA2C96225187BA00972B47 /* Debug */ = {
			isa = XCBuildConfiguration;
			buildSettings = {
				ALWAYS_EMBED_SWIFT_STANDARD_LIBRARIES = YES;
				CODE_SIGN_STYLE = Automatic;
				DEVELOPMENT_TEAM = 4K462NWT45;
				INFOPLIST_FILE = SnakeRecogUITests/Info.plist;
				LD_RUNPATH_SEARCH_PATHS = (
					"$(inherited)",
					"@executable_path/Frameworks",
					"@loader_path/Frameworks",
				);
				PRODUCT_BUNDLE_IDENTIFIER = com.zintrulcre.SnakeRecogUITests;
				PRODUCT_NAME = "$(TARGET_NAME)";
				SWIFT_VERSION = 5.0;
				TARGETED_DEVICE_FAMILY = "1,2";
				TEST_TARGET_NAME = SnakeRecog;
			};
			name = Debug;
		};
		99AA2C97225187BA00972B47 /* Release */ = {
			isa = XCBuildConfiguration;
			buildSettings = {
				ALWAYS_EMBED_SWIFT_STANDARD_LIBRARIES = YES;
				CODE_SIGN_STYLE = Automatic;
				DEVELOPMENT_TEAM = 4K462NWT45;
				INFOPLIST_FILE = SnakeRecogUITests/Info.plist;
				LD_RUNPATH_SEARCH_PATHS = (
					"$(inherited)",
					"@executable_path/Frameworks",
					"@loader_path/Frameworks",
				);
				PRODUCT_BUNDLE_IDENTIFIER = com.zintrulcre.SnakeRecogUITests;
				PRODUCT_NAME = "$(TARGET_NAME)";
				SWIFT_VERSION = 5.0;
				TARGETED_DEVICE_FAMILY = "1,2";
				TEST_TARGET_NAME = SnakeRecog;
			};
			name = Release;
		};
/* End XCBuildConfiguration section */

/* Begin XCConfigurationList section */
		99AA2C62225187B800972B47 /* Build configuration list for PBXProject "SnakeRecog" */ = {
			isa = XCConfigurationList;
			buildConfigurations = (
				99AA2C8D225187BA00972B47 /* Debug */,
				99AA2C8E225187BA00972B47 /* Release */,
			);
			defaultConfigurationIsVisible = 0;
			defaultConfigurationName = Release;
		};
		99AA2C8F225187BA00972B47 /* Build configuration list for PBXNativeTarget "SnakeRecog" */ = {
			isa = XCConfigurationList;
			buildConfigurations = (
				99AA2C90225187BA00972B47 /* Debug */,
				99AA2C91225187BA00972B47 /* Release */,
			);
			defaultConfigurationIsVisible = 0;
			defaultConfigurationName = Release;
		};
		99AA2C92225187BA00972B47 /* Build configuration list for PBXNativeTarget "SnakeRecogTests" */ = {
			isa = XCConfigurationList;
			buildConfigurations = (
				99AA2C93225187BA00972B47 /* Debug */,
				99AA2C94225187BA00972B47 /* Release */,
			);
			defaultConfigurationIsVisible = 0;
			defaultConfigurationName = Release;
		};
		99AA2C95225187BA00972B47 /* Build configuration list for PBXNativeTarget "SnakeRecogUITests" */ = {
			isa = XCConfigurationList;
			buildConfigurations = (
				99AA2C96225187BA00972B47 /* Debug */,
				99AA2C97225187BA00972B47 /* Release */,
			);
			defaultConfigurationIsVisible = 0;
			defaultConfigurationName = Release;
		};
/* End XCConfigurationList section */
	};
	rootObject = 99AA2C5F225187B800972B47 /* Project object */;
}
